
Microsoft Visual Studio Solution File, Format Version 12.00
# Visual Studio Version 17
VisualStudioVersion = 17.8.34330.188
MinimumVisualStudioVersion = 10.0.40219.1
Project("{9A19103F-16F7-4668-BE54-9A1E7A4F7556}") = "Jules.Api.FileSystem", "Jules.Api.FileSystem\Jules.Api.FileSystem.csproj", "{1BD96A25-2360-4A62-860A-DAE5C4D242C9}"
EndProject
Project("{9A19103F-16F7-4668-BE54-9A1E7A4F7556}") = "Jules.Access.Archive.Contracts", "Jules.Access.Archive.Contracts\Jules.Access.Archive.Contracts.csproj", "{760F6DA4-7D0E-4E04-8C76-A02D10F6A4D1}"
EndProject
Project("{9A19103F-16F7-4668-BE54-9A1E7A4F7556}") = "Jules.Access.Archive.Service", "Jules.Access.Archive.Service\Jules.Access.Archive.Service.csproj", "{55ECC7C6-158A-4AFA-A031-88A1C099C9CA}"
EndProject
Project("{9A19103F-16F7-4668-BE54-9A1E7A4F7556}") = "Jules.Manager.FileSystem.Contracts", "Jules.Manager.FileSystem.Contracts\Jules.Manager.FileSystem.Contracts.csproj", "{727BC9AE-578A-4231-A823-0AE25B39C9C1}"
EndProject
Project("{9A19103F-16F7-4668-BE54-9A1E7A4F7556}") = "Jules.Manager.FileSystem.Service", "Jules.Manager.FileSystem.Service\Jules.Manager.FileSystem.Service.csproj", "{6FE001D7-71F7-4A7F-BAE5-64B64876CEB3}"
EndProject
Project("{9A19103F-16F7-4668-BE54-9A1E7A4F7556}") = "Jules.Engine.Parsing.Contracts", "Jules.Engine.Parsing.Contracts\Jules.Engine.Parsing.Contracts.csproj", "{98645C05-CBC9-4A12-A437-3009DFB04409}"
EndProject
Project("{9A19103F-16F7-4668-BE54-9A1E7A4F7556}") = "Jules.Engine.Parsing.Service", "Jules.Engine.Parsing.Service\Jules.Engine.Parsing.Service.csproj", "{548D126F-B911-456C-A5FA-052264E3AB45}"
EndProject
Project("{2150E333-8FDC-42A3-9474-1A3956D46DE8}") = "Access", "Access", "{2ABDF318-548B-44F1-9503-82BFA77219D0}"
EndProject
Project("{2150E333-8FDC-42A3-9474-1A3956D46DE8}") = "Manager", "Manager", "{3BAFD8C1-7513-4807-AF6A-D71C201E2133}"
EndProject
Project("{2150E333-8FDC-42A3-9474-1A3956D46DE8}") = "Engine", "Engine", "{6C2387BC-6432-4C73-A8CF-E5889002CBD3}"
EndProject
Project("{9A19103F-16F7-4668-BE54-9A1E7A4F7556}") = "Jules.Util.Shared", "Jules.Util.Shared\Jules.Util.Shared.csproj", "{7230675D-592E-4F3F-8235-7CD20732E223}"
EndProject
Project("{9A19103F-16F7-4668-BE54-9A1E7A4F7556}") = "Jules.Access.Blob.Contracts", "Jules.Access.Blob.Contracts\Jules.Access.Blob.Contracts.csproj", "{B151179B-38FF-433E-A99F-8B2966B81CA2}"
EndProject
Project("{9A19103F-16F7-4668-BE54-9A1E7A4F7556}") = "Jules.Access.Blob.Service", "Jules.Access.Blob.Service\Jules.Access.Blob.Service.csproj", "{4391001D-12C7-47BA-9456-EA0FFD94FBC7}"
EndProject
Project("{2150E333-8FDC-42A3-9474-1A3956D46DE8}") = "Blob", "Blob", "{D29634F5-258C-4C94-B756-863AEF608AD1}"
EndProject
Project("{9A19103F-16F7-4668-BE54-9A1E7A4F7556}") = "Jules.Access.Blob.Tests", "Jules.Access.Blob.Tests\Jules.Access.Blob.Tests.csproj", "{80E97386-807E-4612-9F75-C30937AC3B87}"
EndProject
Project("{9A19103F-16F7-4668-BE54-9A1E7A4F7556}") = "Jules.Util.Security.Contracts", "Jules.Util.Security.Contracts\Jules.Util.Security.Contracts.csproj", "{9D1F0C1E-9679-4835-9E16-C3485BECFEC2}"
EndProject
Project("{9A19103F-16F7-4668-BE54-9A1E7A4F7556}") = "Jules.Util.Security.Service", "Jules.Util.Security.Service\Jules.Util.Security.Service.csproj", "{BF504AE0-7F6C-4862-A9DE-404EA5D54459}"
EndProject
Project("{2150E333-8FDC-42A3-9474-1A3956D46DE8}") = "Archive", "Archive", "{B105934F-C46F-4BA6-92D7-52D1A0E78125}"
EndProject
Project("{9A19103F-16F7-4668-BE54-9A1E7A4F7556}") = "Jules.Engine.Parsing.Tests", "Jules.Engine.Parsing.Tests\Jules.Engine.Parsing.Tests.csproj", "{2CCA1C6D-662D-40BE-B40F-6E427B4F3531}"
EndProject
Project("{9A19103F-16F7-4668-BE54-9A1E7A4F7556}") = "Jules.Access.Archive.Tests", "Jules.Access.Archive.Tests\Jules.Access.Archive.Tests.csproj", "{222B6618-C103-409A-82DE-62A4ACBD0CA6}"
EndProject
Project("{9A19103F-16F7-4668-BE54-9A1E7A4F7556}") = "Jules.Manager.FileSystem.Tests", "Jules.Manager.FileSystem.Tests\Jules.Manager.FileSystem.Tests.csproj", "{ACFE686A-1384-4839-8219-1655804D177F}"
EndProject
Project("{2150E333-8FDC-42A3-9474-1A3956D46DE8}") = "Util", "Util", "{EBA760D8-F3FD-49C5-852E-FC141F44E6C6}"
EndProject
Project("{9A19103F-16F7-4668-BE54-9A1E7A4F7556}") = "Jules.Util.Security.Tests", "Jules.Util.Security.Tests\Jules.Util.Security.Tests.csproj", "{B2BA2A1B-46EC-4D8D-95C0-8BF2F7CAC9BE}"
EndProject
Project("{9A19103F-16F7-4668-BE54-9A1E7A4F7556}") = "Jules.Api.FileSystem.IntegrationTests", "Jules.Api.FileSystem.IntegrationTests\Jules.Api.FileSystem.IntegrationTests.csproj", "{7D6C1C33-F884-4919-92BF-E58B2B9A2468}"
EndProject
Global
	GlobalSection(SolutionConfigurationPlatforms) = preSolution
		Debug|Any CPU = Debug|Any CPU
		Release|Any CPU = Release|Any CPU
	EndGlobalSection
	GlobalSection(ProjectConfigurationPlatforms) = postSolution
		{1BD96A25-2360-4A62-860A-DAE5C4D242C9}.Debug|Any CPU.ActiveCfg = Debug|Any CPU
		{1BD96A25-2360-4A62-860A-DAE5C4D242C9}.Debug|Any CPU.Build.0 = Debug|Any CPU
		{1BD96A25-2360-4A62-860A-DAE5C4D242C9}.Release|Any CPU.ActiveCfg = Release|Any CPU
		{1BD96A25-2360-4A62-860A-DAE5C4D242C9}.Release|Any CPU.Build.0 = Release|Any CPU
		{760F6DA4-7D0E-4E04-8C76-A02D10F6A4D1}.Debug|Any CPU.ActiveCfg = Debug|Any CPU
		{760F6DA4-7D0E-4E04-8C76-A02D10F6A4D1}.Debug|Any CPU.Build.0 = Debug|Any CPU
		{760F6DA4-7D0E-4E04-8C76-A02D10F6A4D1}.Release|Any CPU.ActiveCfg = Release|Any CPU
		{760F6DA4-7D0E-4E04-8C76-A02D10F6A4D1}.Release|Any CPU.Build.0 = Release|Any CPU
		{55ECC7C6-158A-4AFA-A031-88A1C099C9CA}.Debug|Any CPU.ActiveCfg = Debug|Any CPU
		{55ECC7C6-158A-4AFA-A031-88A1C099C9CA}.Debug|Any CPU.Build.0 = Debug|Any CPU
		{55ECC7C6-158A-4AFA-A031-88A1C099C9CA}.Release|Any CPU.ActiveCfg = Release|Any CPU
		{55ECC7C6-158A-4AFA-A031-88A1C099C9CA}.Release|Any CPU.Build.0 = Release|Any CPU
		{727BC9AE-578A-4231-A823-0AE25B39C9C1}.Debug|Any CPU.ActiveCfg = Debug|Any CPU
		{727BC9AE-578A-4231-A823-0AE25B39C9C1}.Debug|Any CPU.Build.0 = Debug|Any CPU
		{727BC9AE-578A-4231-A823-0AE25B39C9C1}.Release|Any CPU.ActiveCfg = Release|Any CPU
		{727BC9AE-578A-4231-A823-0AE25B39C9C1}.Release|Any CPU.Build.0 = Release|Any CPU
		{6FE001D7-71F7-4A7F-BAE5-64B64876CEB3}.Debug|Any CPU.ActiveCfg = Debug|Any CPU
		{6FE001D7-71F7-4A7F-BAE5-64B64876CEB3}.Debug|Any CPU.Build.0 = Debug|Any CPU
		{6FE001D7-71F7-4A7F-BAE5-64B64876CEB3}.Release|Any CPU.ActiveCfg = Release|Any CPU
		{6FE001D7-71F7-4A7F-BAE5-64B64876CEB3}.Release|Any CPU.Build.0 = Release|Any CPU
		{98645C05-CBC9-4A12-A437-3009DFB04409}.Debug|Any CPU.ActiveCfg = Debug|Any CPU
		{98645C05-CBC9-4A12-A437-3009DFB04409}.Debug|Any CPU.Build.0 = Debug|Any CPU
		{98645C05-CBC9-4A12-A437-3009DFB04409}.Release|Any CPU.ActiveCfg = Release|Any CPU
		{98645C05-CBC9-4A12-A437-3009DFB04409}.Release|Any CPU.Build.0 = Release|Any CPU
		{548D126F-B911-456C-A5FA-052264E3AB45}.Debug|Any CPU.ActiveCfg = Debug|Any CPU
		{548D126F-B911-456C-A5FA-052264E3AB45}.Debug|Any CPU.Build.0 = Debug|Any CPU
		{548D126F-B911-456C-A5FA-052264E3AB45}.Release|Any CPU.ActiveCfg = Release|Any CPU
		{548D126F-B911-456C-A5FA-052264E3AB45}.Release|Any CPU.Build.0 = Release|Any CPU
		{7230675D-592E-4F3F-8235-7CD20732E223}.Debug|Any CPU.ActiveCfg = Debug|Any CPU
		{7230675D-592E-4F3F-8235-7CD20732E223}.Debug|Any CPU.Build.0 = Debug|Any CPU
		{7230675D-592E-4F3F-8235-7CD20732E223}.Release|Any CPU.ActiveCfg = Release|Any CPU
		{7230675D-592E-4F3F-8235-7CD20732E223}.Release|Any CPU.Build.0 = Release|Any CPU
		{B151179B-38FF-433E-A99F-8B2966B81CA2}.Debug|Any CPU.ActiveCfg = Debug|Any CPU
		{B151179B-38FF-433E-A99F-8B2966B81CA2}.Debug|Any CPU.Build.0 = Debug|Any CPU
		{B151179B-38FF-433E-A99F-8B2966B81CA2}.Release|Any CPU.ActiveCfg = Release|Any CPU
		{B151179B-38FF-433E-A99F-8B2966B81CA2}.Release|Any CPU.Build.0 = Release|Any CPU
		{4391001D-12C7-47BA-9456-EA0FFD94FBC7}.Debug|Any CPU.ActiveCfg = Debug|Any CPU
		{4391001D-12C7-47BA-9456-EA0FFD94FBC7}.Debug|Any CPU.Build.0 = Debug|Any CPU
		{4391001D-12C7-47BA-9456-EA0FFD94FBC7}.Release|Any CPU.ActiveCfg = Release|Any CPU
		{4391001D-12C7-47BA-9456-EA0FFD94FBC7}.Release|Any CPU.Build.0 = Release|Any CPU
		{80E97386-807E-4612-9F75-C30937AC3B87}.Debug|Any CPU.ActiveCfg = Debug|Any CPU
		{80E97386-807E-4612-9F75-C30937AC3B87}.Debug|Any CPU.Build.0 = Debug|Any CPU
		{80E97386-807E-4612-9F75-C30937AC3B87}.Release|Any CPU.ActiveCfg = Release|Any CPU
		{80E97386-807E-4612-9F75-C30937AC3B87}.Release|Any CPU.Build.0 = Release|Any CPU
		{9D1F0C1E-9679-4835-9E16-C3485BECFEC2}.Debug|Any CPU.ActiveCfg = Debug|Any CPU
		{9D1F0C1E-9679-4835-9E16-C3485BECFEC2}.Debug|Any CPU.Build.0 = Debug|Any CPU
		{9D1F0C1E-9679-4835-9E16-C3485BECFEC2}.Release|Any CPU.ActiveCfg = Release|Any CPU
		{9D1F0C1E-9679-4835-9E16-C3485BECFEC2}.Release|Any CPU.Build.0 = Release|Any CPU
		{BF504AE0-7F6C-4862-A9DE-404EA5D54459}.Debug|Any CPU.ActiveCfg = Debug|Any CPU
		{BF504AE0-7F6C-4862-A9DE-404EA5D54459}.Debug|Any CPU.Build.0 = Debug|Any CPU
		{BF504AE0-7F6C-4862-A9DE-404EA5D54459}.Release|Any CPU.ActiveCfg = Release|Any CPU
		{BF504AE0-7F6C-4862-A9DE-404EA5D54459}.Release|Any CPU.Build.0 = Release|Any CPU
		{2CCA1C6D-662D-40BE-B40F-6E427B4F3531}.Debug|Any CPU.ActiveCfg = Debug|Any CPU
		{2CCA1C6D-662D-40BE-B40F-6E427B4F3531}.Debug|Any CPU.Build.0 = Debug|Any CPU
		{2CCA1C6D-662D-40BE-B40F-6E427B4F3531}.Release|Any CPU.ActiveCfg = Release|Any CPU
		{2CCA1C6D-662D-40BE-B40F-6E427B4F3531}.Release|Any CPU.Build.0 = Release|Any CPU
		{222B6618-C103-409A-82DE-62A4ACBD0CA6}.Debug|Any CPU.ActiveCfg = Debug|Any CPU
		{222B6618-C103-409A-82DE-62A4ACBD0CA6}.Debug|Any CPU.Build.0 = Debug|Any CPU
		{222B6618-C103-409A-82DE-62A4ACBD0CA6}.Release|Any CPU.ActiveCfg = Release|Any CPU
		{222B6618-C103-409A-82DE-62A4ACBD0CA6}.Release|Any CPU.Build.0 = Release|Any CPU
		{ACFE686A-1384-4839-8219-1655804D177F}.Debug|Any CPU.ActiveCfg = Debug|Any CPU
		{ACFE686A-1384-4839-8219-1655804D177F}.Debug|Any CPU.Build.0 = Debug|Any CPU
		{ACFE686A-1384-4839-8219-1655804D177F}.Release|Any CPU.ActiveCfg = Release|Any CPU
		{ACFE686A-1384-4839-8219-1655804D177F}.Release|Any CPU.Build.0 = Release|Any CPU
		{B2BA2A1B-46EC-4D8D-95C0-8BF2F7CAC9BE}.Debug|Any CPU.ActiveCfg = Debug|Any CPU
		{B2BA2A1B-46EC-4D8D-95C0-8BF2F7CAC9BE}.Debug|Any CPU.Build.0 = Debug|Any CPU
		{B2BA2A1B-46EC-4D8D-95C0-8BF2F7CAC9BE}.Release|Any CPU.ActiveCfg = Release|Any CPU
		{B2BA2A1B-46EC-4D8D-95C0-8BF2F7CAC9BE}.Release|Any CPU.Build.0 = Release|Any CPU
		{7D6C1C33-F884-4919-92BF-E58B2B9A2468}.Debug|Any CPU.ActiveCfg = Debug|Any CPU
		{7D6C1C33-F884-4919-92BF-E58B2B9A2468}.Debug|Any CPU.Build.0 = Debug|Any CPU
		{7D6C1C33-F884-4919-92BF-E58B2B9A2468}.Release|Any CPU.ActiveCfg = Release|Any CPU
		{7D6C1C33-F884-4919-92BF-E58B2B9A2468}.Release|Any CPU.Build.0 = Release|Any CPU
	EndGlobalSection
	GlobalSection(SolutionProperties) = preSolution
		HideSolutionNode = FALSE
	EndGlobalSection
	GlobalSection(NestedProjects) = preSolution
		{760F6DA4-7D0E-4E04-8C76-A02D10F6A4D1} = {B105934F-C46F-4BA6-92D7-52D1A0E78125}
		{55ECC7C6-158A-4AFA-A031-88A1C099C9CA} = {B105934F-C46F-4BA6-92D7-52D1A0E78125}
		{727BC9AE-578A-4231-A823-0AE25B39C9C1} = {3BAFD8C1-7513-4807-AF6A-D71C201E2133}
		{6FE001D7-71F7-4A7F-BAE5-64B64876CEB3} = {3BAFD8C1-7513-4807-AF6A-D71C201E2133}
		{98645C05-CBC9-4A12-A437-3009DFB04409} = {6C2387BC-6432-4C73-A8CF-E5889002CBD3}
		{548D126F-B911-456C-A5FA-052264E3AB45} = {6C2387BC-6432-4C73-A8CF-E5889002CBD3}
		{7230675D-592E-4F3F-8235-7CD20732E223} = {EBA760D8-F3FD-49C5-852E-FC141F44E6C6}
		{B151179B-38FF-433E-A99F-8B2966B81CA2} = {D29634F5-258C-4C94-B756-863AEF608AD1}
		{4391001D-12C7-47BA-9456-EA0FFD94FBC7} = {D29634F5-258C-4C94-B756-863AEF608AD1}
		{D29634F5-258C-4C94-B756-863AEF608AD1} = {2ABDF318-548B-44F1-9503-82BFA77219D0}
		{80E97386-807E-4612-9F75-C30937AC3B87} = {D29634F5-258C-4C94-B756-863AEF608AD1}
		{9D1F0C1E-9679-4835-9E16-C3485BECFEC2} = {EBA760D8-F3FD-49C5-852E-FC141F44E6C6}
		{BF504AE0-7F6C-4862-A9DE-404EA5D54459} = {EBA760D8-F3FD-49C5-852E-FC141F44E6C6}
		{B105934F-C46F-4BA6-92D7-52D1A0E78125} = {2ABDF318-548B-44F1-9503-82BFA77219D0}
		{2CCA1C6D-662D-40BE-B40F-6E427B4F3531} = {6C2387BC-6432-4C73-A8CF-E5889002CBD3}
		{222B6618-C103-409A-82DE-62A4ACBD0CA6} = {B105934F-C46F-4BA6-92D7-52D1A0E78125}
		{ACFE686A-1384-4839-8219-1655804D177F} = {3BAFD8C1-7513-4807-AF6A-D71C201E2133}
		{B2BA2A1B-46EC-4D8D-95C0-8BF2F7CAC9BE} = {EBA760D8-F3FD-49C5-852E-FC141F44E6C6}
	EndGlobalSection
	GlobalSection(ExtensibilityGlobals) = postSolution
		SolutionGuid = {60D1BE6B-A744-4393-AB73-FD6EF90CC9E5}
	EndGlobalSection
EndGlobal
